
Microsoft Visual Studio Solution File, Format Version 12.00
# Visual Studio Version 17
VisualStudioVersion = 17.0.31903.59
MinimumVisualStudioVersion = 10.0.40219.1
Project("{FAE04EC0-301F-11D3-BF4B-00C04F79EFBC}") = "Cashflow.Launch.Domain", "Cashflow.Launch\Cashflow.Launch.Domain\Cashflow.Launch.Domain.csproj", "{0AEB096E-227C-41F3-B729-F7396A33B132}"
EndProject
Project("{FAE04EC0-301F-11D3-BF4B-00C04F79EFBC}") = "Cashflow.Launch.Application", "Cashflow.Launch\Cashflow.Launch.Application\Cashflow.Launch.Application.csproj", "{6448E95D-7EE8-4FA2-9F70-7C307F89EF9C}"
EndProject
Project("{FAE04EC0-301F-11D3-BF4B-00C04F79EFBC}") = "Cashflow.Launch.Infrastructure", "Cashflow.Launch\Cashflow.Launch.Infrastructure\Cashflow.Launch.Infrastructure.csproj", "{8750B85C-EFFA-488A-AB45-01CB510BD665}"
EndProject
Project("{FAE04EC0-301F-11D3-BF4B-00C04F79EFBC}") = "Cashflow.Launch.API", "Cashflow.Launch\Cashflow.Launch.API\Cashflow.Launch.API.csproj", "{08FFCEA0-67D4-47CF-A843-EA91C22E81F4}"
EndProject
Project("{FAE04EC0-301F-11D3-BF4B-00C04F79EFBC}") = "Cashflow.Consolidated.Domain", "Cashflow.Consolidated\Cashflow.Consolidated.Domain\Cashflow.Consolidated.Domain.csproj", "{99506585-7828-4B8E-A20A-9C430D0689B5}"
EndProject
Project("{FAE04EC0-301F-11D3-BF4B-00C04F79EFBC}") = "Cashflow.Consolidated.Application", "Cashflow.Consolidated\Cashflow.Consolidated.Application\Cashflow.Consolidated.Application.csproj", "{E29F86A0-5422-48C7-A987-E9CBBD9A7464}"
EndProject
Project("{FAE04EC0-301F-11D3-BF4B-00C04F79EFBC}") = "Cashflow.Launch.Domain.Tests", "..\tests\Cashflow.Launch.Domain.Tests\Cashflow.Launch.Domain.Tests.csproj", "{A1AB8FEB-8EF6-4D49-93BE-D36C08510C6A}"
EndProject
Project("{FAE04EC0-301F-11D3-BF4B-00C04F79EFBC}") = "Cashflow.Launch.Application.Tests", "..\tests\Cashflow.Launch.Application.Tests\Cashflow.Launch.Application.Tests.csproj", "{703F18F3-DD45-49D7-B40E-9C3E832A7324}"
EndProject
Project("{FAE04EC0-301F-11D3-BF4B-00C04F79EFBC}") = "Cashflow.Consolidated.API", "Cashflow.Consolidated\Cashflow.Consolidated.API\Cashflow.Consolidated.API.csproj", "{9E326625-2201-6052-5100-62E40008C18B}"
EndProject
Project("{FAE04EC0-301F-11D3-BF4B-00C04F79EFBC}") = "Cashflow.Consolidated.Infrastructure", "Cashflow.Consolidated\Cashflow.Consolidated.Infrastructure\Cashflow.Consolidated.Infrastructure.csproj", "{64E07D4A-3305-BECE-CD54-261797F40C5F}"
EndProject
Global
	GlobalSection(SolutionConfigurationPlatforms) = preSolution
		Debug|Any CPU = Debug|Any CPU
		Release|Any CPU = Release|Any CPU
	EndGlobalSection
	GlobalSection(ProjectConfigurationPlatforms) = postSolution
		{0AEB096E-227C-41F3-B729-F7396A33B132}.Debug|Any CPU.ActiveCfg = Debug|Any CPU
		{0AEB096E-227C-41F3-B729-F7396A33B132}.Debug|Any CPU.Build.0 = Debug|Any CPU
		{0AEB096E-227C-41F3-B729-F7396A33B132}.Release|Any CPU.ActiveCfg = Release|Any CPU
		{0AEB096E-227C-41F3-B729-F7396A33B132}.Release|Any CPU.Build.0 = Release|Any CPU
		{6448E95D-7EE8-4FA2-9F70-7C307F89EF9C}.Debug|Any CPU.ActiveCfg = Debug|Any CPU
		{6448E95D-7EE8-4FA2-9F70-7C307F89EF9C}.Debug|Any CPU.Build.0 = Debug|Any CPU
		{6448E95D-7EE8-4FA2-9F70-7C307F89EF9C}.Release|Any CPU.ActiveCfg = Release|Any CPU
		{6448E95D-7EE8-4FA2-9F70-7C307F89EF9C}.Release|Any CPU.Build.0 = Release|Any CPU
		{8750B85C-EFFA-488A-AB45-01CB510BD665}.Debug|Any CPU.ActiveCfg = Debug|Any CPU
		{8750B85C-EFFA-488A-AB45-01CB510BD665}.Debug|Any CPU.Build.0 = Debug|Any CPU
		{8750B85C-EFFA-488A-AB45-01CB510BD665}.Release|Any CPU.ActiveCfg = Release|Any CPU
		{8750B85C-EFFA-488A-AB45-01CB510BD665}.Release|Any CPU.Build.0 = Release|Any CPU
		{08FFCEA0-67D4-47CF-A843-EA91C22E81F4}.Debug|Any CPU.ActiveCfg = Debug|Any CPU
		{08FFCEA0-67D4-47CF-A843-EA91C22E81F4}.Debug|Any CPU.Build.0 = Debug|Any CPU
		{08FFCEA0-67D4-47CF-A843-EA91C22E81F4}.Release|Any CPU.ActiveCfg = Release|Any CPU
		{08FFCEA0-67D4-47CF-A843-EA91C22E81F4}.Release|Any CPU.Build.0 = Release|Any CPU
		{99506585-7828-4B8E-A20A-9C430D0689B5}.Debug|Any CPU.ActiveCfg = Debug|Any CPU
		{99506585-7828-4B8E-A20A-9C430D0689B5}.Debug|Any CPU.Build.0 = Debug|Any CPU
		{99506585-7828-4B8E-A20A-9C430D0689B5}.Release|Any CPU.ActiveCfg = Release|Any CPU
		{99506585-7828-4B8E-A20A-9C430D0689B5}.Release|Any CPU.Build.0 = Release|Any CPU
		{E29F86A0-5422-48C7-A987-E9CBBD9A7464}.Debug|Any CPU.ActiveCfg = Debug|Any CPU
		{E29F86A0-5422-48C7-A987-E9CBBD9A7464}.Debug|Any CPU.Build.0 = Debug|Any CPU
		{E29F86A0-5422-48C7-A987-E9CBBD9A7464}.Release|Any CPU.ActiveCfg = Release|Any CPU
		{E29F86A0-5422-48C7-A987-E9CBBD9A7464}.Release|Any CPU.Build.0 = Release|Any CPU
		{A1AB8FEB-8EF6-4D49-93BE-D36C08510C6A}.Debug|Any CPU.ActiveCfg = Debug|Any CPU
		{A1AB8FEB-8EF6-4D49-93BE-D36C08510C6A}.Debug|Any CPU.Build.0 = Debug|Any CPU
		{A1AB8FEB-8EF6-4D49-93BE-D36C08510C6A}.Release|Any CPU.ActiveCfg = Release|Any CPU
		{A1AB8FEB-8EF6-4D49-93BE-D36C08510C6A}.Release|Any CPU.Build.0 = Release|Any CPU
		{703F18F3-DD45-49D7-B40E-9C3E832A7324}.Debug|Any CPU.ActiveCfg = Debug|Any CPU
		{703F18F3-DD45-49D7-B40E-9C3E832A7324}.Debug|Any CPU.Build.0 = Debug|Any CPU
		{703F18F3-DD45-49D7-B40E-9C3E832A7324}.Release|Any CPU.ActiveCfg = Release|Any CPU
		{703F18F3-DD45-49D7-B40E-9C3E832A7324}.Release|Any CPU.Build.0 = Release|Any CPU
		{9E326625-2201-6052-5100-62E40008C18B}.Debug|Any CPU.ActiveCfg = Debug|Any CPU
		{9E326625-2201-6052-5100-62E40008C18B}.Debug|Any CPU.Build.0 = Debug|Any CPU
		{9E326625-2201-6052-5100-62E40008C18B}.Release|Any CPU.ActiveCfg = Release|Any CPU
		{9E326625-2201-6052-5100-62E40008C18B}.Release|Any CPU.Build.0 = Release|Any CPU
		{64E07D4A-3305-BECE-CD54-261797F40C5F}.Debug|Any CPU.ActiveCfg = Debug|Any CPU
		{64E07D4A-3305-BECE-CD54-261797F40C5F}.Debug|Any CPU.Build.0 = Debug|Any CPU
		{64E07D4A-3305-BECE-CD54-261797F40C5F}.Release|Any CPU.ActiveCfg = Release|Any CPU
		{64E07D4A-3305-BECE-CD54-261797F40C5F}.Release|Any CPU.Build.0 = Release|Any CPU
	EndGlobalSection
	GlobalSection(SolutionProperties) = preSolution
		HideSolutionNode = FALSE
	EndGlobalSection
	GlobalSection(ExtensibilityGlobals) = postSolution
		SolutionGuid = {03FF1811-D999-4FDB-826D-C206276DDCA7}
	EndGlobalSection
EndGlobal
